
Microsoft Visual Studio Solution File, Format Version 12.00
# Visual Studio Version 17
VisualStudioVersion = 17.0.31903.59
MinimumVisualStudioVersion = 10.0.40219.1
Project("{FAE04EC0-301F-11D3-BF4B-00C04F79EFBC}") = "Core", "Core\Core.csproj", "{AB7E3478-680E-415F-BD04-994C34B0703E}"
EndProject
Project("{2150E333-8FDC-42A3-9474-1A3956D46DE8}") = "Core", "Core", "{978703BB-5374-42C1-8D2B-77F4BFBFE1AB}"
EndProject
Project("{FAE04EC0-301F-11D3-BF4B-00C04F79EFBC}") = "Domain", "Core\Domain\Domain.csproj", "{D4E5E9F9-EBFD-4E28-B520-E99A4B806172}"
EndProject
Project("{FAE04EC0-301F-11D3-BF4B-00C04F79EFBC}") = "Application", "Core\Application\Application.csproj", "{A317FA95-2E9F-47E0-8D55-530975A6BF3D}"
EndProject
Global
	GlobalSection(SolutionConfigurationPlatforms) = preSolution
		Debug|Any CPU = Debug|Any CPU
		Release|Any CPU = Release|Any CPU
	EndGlobalSection
	GlobalSection(SolutionProperties) = preSolution
		HideSolutionNode = FALSE
	EndGlobalSection
	GlobalSection(ProjectConfigurationPlatforms) = postSolution
		{AB7E3478-680E-415F-BD04-994C34B0703E}.Debug|Any CPU.ActiveCfg = Debug|Any CPU
		{AB7E3478-680E-415F-BD04-994C34B0703E}.Debug|Any CPU.Build.0 = Debug|Any CPU
		{AB7E3478-680E-415F-BD04-994C34B0703E}.Release|Any CPU.ActiveCfg = Release|Any CPU
		{AB7E3478-680E-415F-BD04-994C34B0703E}.Release|Any CPU.Build.0 = Release|Any CPU
		{D4E5E9F9-EBFD-4E28-B520-E99A4B806172}.Debug|Any CPU.ActiveCfg = Debug|Any CPU
		{D4E5E9F9-EBFD-4E28-B520-E99A4B806172}.Debug|Any CPU.Build.0 = Debug|Any CPU
		{D4E5E9F9-EBFD-4E28-B520-E99A4B806172}.Release|Any CPU.ActiveCfg = Release|Any CPU
		{D4E5E9F9-EBFD-4E28-B520-E99A4B806172}.Release|Any CPU.Build.0 = Release|Any CPU
		{A317FA95-2E9F-47E0-8D55-530975A6BF3D}.Debug|Any CPU.ActiveCfg = Debug|Any CPU
		{A317FA95-2E9F-47E0-8D55-530975A6BF3D}.Debug|Any CPU.Build.0 = Debug|Any CPU
		{A317FA95-2E9F-47E0-8D55-530975A6BF3D}.Release|Any CPU.ActiveCfg = Release|Any CPU
		{A317FA95-2E9F-47E0-8D55-530975A6BF3D}.Release|Any CPU.Build.0 = Release|Any CPU
	EndGlobalSection
	GlobalSection(NestedProjects) = preSolution
		{AB7E3478-680E-415F-BD04-994C34B0703E} = {978703BB-5374-42C1-8D2B-77F4BFBFE1AB}
		{D4E5E9F9-EBFD-4E28-B520-E99A4B806172} = {978703BB-5374-42C1-8D2B-77F4BFBFE1AB}
		{A317FA95-2E9F-47E0-8D55-530975A6BF3D} = {978703BB-5374-42C1-8D2B-77F4BFBFE1AB}
	EndGlobalSection
EndGlobal
