
Microsoft Visual Studio Solution File, Format Version 12.00
# Visual Studio Version 17
VisualStudioVersion = 17.5.002.0
MinimumVisualStudioVersion = 10.0.40219.1
Project("{9A19103F-16F7-4668-BE54-9A1E7A4F7556}") = "API", "API.csproj", "{5D740E5C-0CE3-4C0A-934A-3065EFFCB66C}"
EndProject
Global
	GlobalSection(SolutionConfigurationPlatforms) = preSolution
		Debug|Any CPU = Debug|Any CPU
		Release|Any CPU = Release|Any CPU
	EndGlobalSection
	GlobalSection(ProjectConfigurationPlatforms) = postSolution
		{5D740E5C-0CE3-4C0A-934A-3065EFFCB66C}.Debug|Any CPU.ActiveCfg = Debug|Any CPU
		{5D740E5C-0CE3-4C0A-934A-3065EFFCB66C}.Debug|Any CPU.Build.0 = Debug|Any CPU
		{5D740E5C-0CE3-4C0A-934A-3065EFFCB66C}.Release|Any CPU.ActiveCfg = Release|Any CPU
		{5D740E5C-0CE3-4C0A-934A-3065EFFCB66C}.Release|Any CPU.Build.0 = Release|Any CPU
	EndGlobalSection
	GlobalSection(SolutionProperties) = preSolution
		HideSolutionNode = FALSE
	EndGlobalSection
	GlobalSection(ExtensibilityGlobals) = postSolution
		SolutionGuid = {2DD085AB-96B8-44C2-AAE9-651DDFEC41F0}
	EndGlobalSection
EndGlobal
