
Microsoft Visual Studio Solution File, Format Version 12.00
# Visual Studio Version 17
VisualStudioVersion = 17.5.002.0
MinimumVisualStudioVersion = 10.0.40219.1
Project("{9A19103F-16F7-4668-BE54-9A1E7A4F7556}") = "WebApi", "WebApi.csproj", "{79632D05-C63D-48A2-8D31-BB1C76BE2230}"
EndProject
Global
	GlobalSection(SolutionConfigurationPlatforms) = preSolution
		Debug|Any CPU = Debug|Any CPU
		Release|Any CPU = Release|Any CPU
	EndGlobalSection
	GlobalSection(ProjectConfigurationPlatforms) = postSolution
		{79632D05-C63D-48A2-8D31-BB1C76BE2230}.Debug|Any CPU.ActiveCfg = Debug|Any CPU
		{79632D05-C63D-48A2-8D31-BB1C76BE2230}.Debug|Any CPU.Build.0 = Debug|Any CPU
		{79632D05-C63D-48A2-8D31-BB1C76BE2230}.Release|Any CPU.ActiveCfg = Release|Any CPU
		{79632D05-C63D-48A2-8D31-BB1C76BE2230}.Release|Any CPU.Build.0 = Release|Any CPU
	EndGlobalSection
	GlobalSection(SolutionProperties) = preSolution
		HideSolutionNode = FALSE
	EndGlobalSection
	GlobalSection(ExtensibilityGlobals) = postSolution
		SolutionGuid = {871C2725-9C70-4A63-A9C3-382C27BD0A79}
	EndGlobalSection
EndGlobal
