
Microsoft Visual Studio Solution File, Format Version 12.00
# Visual Studio Version 17
VisualStudioVersion = 17.5.002.0
MinimumVisualStudioVersion = 10.0.40219.1
Project("{9A19103F-16F7-4668-BE54-9A1E7A4F7556}") = "Application", "Application.csproj", "{C3556A92-6A7D-49A2-972F-85F3AFD5F099}"
EndProject
Global
	GlobalSection(SolutionConfigurationPlatforms) = preSolution
		Debug|Any CPU = Debug|Any CPU
		Release|Any CPU = Release|Any CPU
	EndGlobalSection
	GlobalSection(ProjectConfigurationPlatforms) = postSolution
		{C3556A92-6A7D-49A2-972F-85F3AFD5F099}.Debug|Any CPU.ActiveCfg = Debug|Any CPU
		{C3556A92-6A7D-49A2-972F-85F3AFD5F099}.Debug|Any CPU.Build.0 = Debug|Any CPU
		{C3556A92-6A7D-49A2-972F-85F3AFD5F099}.Release|Any CPU.ActiveCfg = Release|Any CPU
		{C3556A92-6A7D-49A2-972F-85F3AFD5F099}.Release|Any CPU.Build.0 = Release|Any CPU
	EndGlobalSection
	GlobalSection(SolutionProperties) = preSolution
		HideSolutionNode = FALSE
	EndGlobalSection
	GlobalSection(ExtensibilityGlobals) = postSolution
		SolutionGuid = {BF951DD0-3E35-4AA2-B385-953D731D05E5}
	EndGlobalSection
EndGlobal
