
Microsoft Visual Studio Solution File, Format Version 12.00
# Visual Studio Version 17
VisualStudioVersion = 17.0.31903.59
MinimumVisualStudioVersion = 10.0.40219.1
Project("{2150E333-8FDC-42A3-9474-1A3956D46DE8}") = "src", "src", "{D777B684-F1A6-4BB1-A0E5-65FEB2038C7B}"
EndProject
Project("{2150E333-8FDC-42A3-9474-1A3956D46DE8}") = "Core", "Core", "{3F4453F3-A1B6-46FA-B0C7-51DE636F7A1C}"
EndProject
Project("{FAE04EC0-301F-11D3-BF4B-00C04F79EFBC}") = "Core", "src\Core\Core\Core.csproj", "{8063F780-FE0A-438D-9B8B-4751626C1AD0}"
EndProject
Global
	GlobalSection(SolutionConfigurationPlatforms) = preSolution
		Debug|Any CPU = Debug|Any CPU
		Release|Any CPU = Release|Any CPU
	EndGlobalSection
	GlobalSection(SolutionProperties) = preSolution
		HideSolutionNode = FALSE
	EndGlobalSection
	GlobalSection(ProjectConfigurationPlatforms) = postSolution
		{8063F780-FE0A-438D-9B8B-4751626C1AD0}.Debug|Any CPU.ActiveCfg = Debug|Any CPU
		{8063F780-FE0A-438D-9B8B-4751626C1AD0}.Debug|Any CPU.Build.0 = Debug|Any CPU
		{8063F780-FE0A-438D-9B8B-4751626C1AD0}.Release|Any CPU.ActiveCfg = Release|Any CPU
		{8063F780-FE0A-438D-9B8B-4751626C1AD0}.Release|Any CPU.Build.0 = Release|Any CPU
	EndGlobalSection
	GlobalSection(NestedProjects) = preSolution
		{3F4453F3-A1B6-46FA-B0C7-51DE636F7A1C} = {D777B684-F1A6-4BB1-A0E5-65FEB2038C7B}
		{8063F780-FE0A-438D-9B8B-4751626C1AD0} = {3F4453F3-A1B6-46FA-B0C7-51DE636F7A1C}
	EndGlobalSection
EndGlobal
