
Microsoft Visual Studio Solution File, Format Version 12.00
# Visual Studio Version 17
VisualStudioVersion = 17.5.002.0
MinimumVisualStudioVersion = 10.0.40219.1
Project("{9A19103F-16F7-4668-BE54-9A1E7A4F7556}") = "Task2", "Task2.csproj", "{B8280CD2-D6EA-420B-9A9C-6E2BAA8BF4F7}"
EndProject
Global
	GlobalSection(SolutionConfigurationPlatforms) = preSolution
		Debug|Any CPU = Debug|Any CPU
		Release|Any CPU = Release|Any CPU
	EndGlobalSection
	GlobalSection(ProjectConfigurationPlatforms) = postSolution
		{B8280CD2-D6EA-420B-9A9C-6E2BAA8BF4F7}.Debug|Any CPU.ActiveCfg = Debug|Any CPU
		{B8280CD2-D6EA-420B-9A9C-6E2BAA8BF4F7}.Debug|Any CPU.Build.0 = Debug|Any CPU
		{B8280CD2-D6EA-420B-9A9C-6E2BAA8BF4F7}.Release|Any CPU.ActiveCfg = Release|Any CPU
		{B8280CD2-D6EA-420B-9A9C-6E2BAA8BF4F7}.Release|Any CPU.Build.0 = Release|Any CPU
	EndGlobalSection
	GlobalSection(SolutionProperties) = preSolution
		HideSolutionNode = FALSE
	EndGlobalSection
	GlobalSection(ExtensibilityGlobals) = postSolution
		SolutionGuid = {8659572F-8A45-4C7F-A7CB-AC87FDC2A0BA}
	EndGlobalSection
EndGlobal
